
Microsoft Visual Studio Solution File, Format Version 12.00
# Visual Studio Version 17
VisualStudioVersion = 17.5.33627.172
MinimumVisualStudioVersion = 10.0.40219.1
Project("{FAE04EC0-301F-11D3-BF4B-00C04F79EFBC}") = "UsuariosAPI", "UsuariosAPI\UsuariosAPI.csproj", "{CF1CED3E-D7B8-4D94-A0FD-FF6A62D07288}"
EndProject
Global
	GlobalSection(SolutionConfigurationPlatforms) = preSolution
		Debug|Any CPU = Debug|Any CPU
		Release|Any CPU = Release|Any CPU
	EndGlobalSection
	GlobalSection(ProjectConfigurationPlatforms) = postSolution
		{CF1CED3E-D7B8-4D94-A0FD-FF6A62D07288}.Debug|Any CPU.ActiveCfg = Debug|Any CPU
		{CF1CED3E-D7B8-4D94-A0FD-FF6A62D07288}.Debug|Any CPU.Build.0 = Debug|Any CPU
		{CF1CED3E-D7B8-4D94-A0FD-FF6A62D07288}.Release|Any CPU.ActiveCfg = Release|Any CPU
		{CF1CED3E-D7B8-4D94-A0FD-FF6A62D07288}.Release|Any CPU.Build.0 = Release|Any CPU
	EndGlobalSection
	GlobalSection(SolutionProperties) = preSolution
		HideSolutionNode = FALSE
	EndGlobalSection
	GlobalSection(ExtensibilityGlobals) = postSolution
		SolutionGuid = {E9762A44-4F7F-4C03-8B07-83CA528ABCB4}
	EndGlobalSection
EndGlobal
